PODS:
  - SDWebImage (5.11.0):
    - SDWebImage/Core (= 5.11.0)
  - SDWebImage/Core (5.11.0)
  - SwiftLint (0.43.1)

DEPENDENCIES:
  - SDWebImage
  - SwiftLint

SPEC REPOS:
  trunk:
    - SDWebImage
    - SwiftLint

SPEC CHECKSUMS:
  SDWebImage: 7acbb57630ac7db4a495547fb73916ff3e432f6b
  SwiftLint: 99f82d07b837b942dd563c668de129a03fc3fb52

PODFILE CHECKSUM: 895b6073a47acd770c5ede5b43428eeccfa68e6e

COCOAPODS: 1.10.1
